
Microsoft Visual Studio Solution File, Format Version 12.00
# Visual Studio Version 16
VisualStudioVersion = 16.0.29209.152
MinimumVisualStudioVersion = 10.0.40219.1
Project("{FAE04EC0-301F-11D3-BF4B-00C04F79EFBC}") = "Danmaku", "Danmaku\Danmaku.csproj", "{D15E57FF-E4E0-4252-B862-88517FFB7156}"
EndProject
Global
	GlobalSection(SolutionConfigurationPlatforms) = preSolution
		Debug|Any CPU = Debug|Any CPU
		Release|Any CPU = Release|Any CPU
	EndGlobalSection
	GlobalSection(ProjectConfigurationPlatforms) = postSolution
		{D15E57FF-E4E0-4252-B862-88517FFB7156}.Debug|Any CPU.ActiveCfg = Debug|Any CPU
		{D15E57FF-E4E0-4252-B862-88517FFB7156}.Debug|Any CPU.Build.0 = Debug|Any CPU
		{D15E57FF-E4E0-4252-B862-88517FFB7156}.Release|Any CPU.ActiveCfg = Release|Any CPU
		{D15E57FF-E4E0-4252-B862-88517FFB7156}.Release|Any CPU.Build.0 = Release|Any CPU
	EndGlobalSection
	GlobalSection(SolutionProperties) = preSolution
		HideSolutionNode = FALSE
	EndGlobalSection
	GlobalSection(ExtensibilityGlobals) = postSolution
		SolutionGuid = {123045BC-218E-445A-8A75-BB2EC747A128}
	EndGlobalSection
EndGlobal
