
Microsoft Visual Studio Solution File, Format Version 12.00
# Visual Studio Version 17
VisualStudioVersion = 17.2.32616.157
MinimumVisualStudioVersion = 10.0.40219.1
Project("{FAE04EC0-301F-11D3-BF4B-00C04F79EFBC}") = "DanMu", "DanMu\DanMu.csproj", "{8E8CC747-01E9-4E7E-A00B-EFB6C28B5C20}"
EndProject
Global
	GlobalSection(SolutionConfigurationPlatforms) = preSolution
		Debug|Any CPU = Debug|Any CPU
		Release|Any CPU = Release|Any CPU
	EndGlobalSection
	GlobalSection(ProjectConfigurationPlatforms) = postSolution
		{8E8CC747-01E9-4E7E-A00B-EFB6C28B5C20}.Debug|Any CPU.ActiveCfg = Debug|Any CPU
		{8E8CC747-01E9-4E7E-A00B-EFB6C28B5C20}.Debug|Any CPU.Build.0 = Debug|Any CPU
		{8E8CC747-01E9-4E7E-A00B-EFB6C28B5C20}.Release|Any CPU.ActiveCfg = Release|Any CPU
		{8E8CC747-01E9-4E7E-A00B-EFB6C28B5C20}.Release|Any CPU.Build.0 = Release|Any CPU
	EndGlobalSection
	GlobalSection(SolutionProperties) = preSolution
		HideSolutionNode = FALSE
	EndGlobalSection
	GlobalSection(ExtensibilityGlobals) = postSolution
		SolutionGuid = {C18CBD5A-B745-4579-8A7B-8027DF9766BF}
	EndGlobalSection
EndGlobal
